
Microsoft Visual Studio Solution File, Format Version 12.00
# Visual Studio Version 17
VisualStudioVersion = 17.14.36930.0 d17.14
MinimumVisualStudioVersion = 10.0.40219.1
Project("{FAE04EC0-301F-11D3-BF4B-00C04F79EFBC}") = "Circular_belc_qr_generator", "Circular_belc_qr_generator\Circular_belc_qr_generator.csproj", "{9E19E79E-5CF6-422A-ABB3-E659DEFDBE6A}"
EndProject
Global
	GlobalSection(SolutionConfigurationPlatforms) = preSolution
		Debug|Any CPU = Debug|Any CPU
		Release|Any CPU = Release|Any CPU
	EndGlobalSection
	GlobalSection(ProjectConfigurationPlatforms) = postSolution
		{9E19E79E-5CF6-422A-ABB3-E659DEFDBE6A}.Debug|Any CPU.ActiveCfg = Debug|Any CPU
		{9E19E79E-5CF6-422A-ABB3-E659DEFDBE6A}.Debug|Any CPU.Build.0 = Debug|Any CPU
		{9E19E79E-5CF6-422A-ABB3-E659DEFDBE6A}.Release|Any CPU.ActiveCfg = Release|Any CPU
		{9E19E79E-5CF6-422A-ABB3-E659DEFDBE6A}.Release|Any CPU.Build.0 = Release|Any CPU
	EndGlobalSection
	GlobalSection(SolutionProperties) = preSolution
		HideSolutionNode = FALSE
	EndGlobalSection
	GlobalSection(ExtensibilityGlobals) = postSolution
		SolutionGuid = {CE055F80-5058-4DFB-BBF9-9ED6D67838F3}
	EndGlobalSection
EndGlobal
